
Microsoft Visual Studio Solution File, Format Version 12.00
# Visual Studio Version 17
VisualStudioVersion = 17.14.36301.6
MinimumVisualStudioVersion = 10.0.40219.1
Project("{FAE04EC0-301F-11D3-BF4B-00C04F79EFBC}") = "CleanArchitecture.Domain", "CleanArchitecture.Domain\CleanArchitecture.Domain.csproj", "{588B053F-1F64-4BC4-B910-EE908F8E0184}"
EndProject
Project("{FAE04EC0-301F-11D3-BF4B-00C04F79EFBC}") = "CleanArchitecture.Application", "CleanArchitecture.Application\CleanArchitecture.Application.csproj", "{7A47F0D9-7DE9-430B-A1F5-7E32285AAB2A}"
EndProject
Project("{FAE04EC0-301F-11D3-BF4B-00C04F79EFBC}") = "CleanArchitecture.Infrastructure.Data", "CleanArchitecture.Infrastructure.Data\CleanArchitecture.Infrastructure.Data.csproj", "{DBEA9409-AF71-48EC-9A81-CAD81A358D31}"
EndProject
Project("{FAE04EC0-301F-11D3-BF4B-00C04F79EFBC}") = "CleanArchitecture.Infrastructure.IoC", "CleanArchitecture.Infrastructure.IoC\CleanArchitecture.Infrastructure.IoC.csproj", "{1E88093C-1BFA-4682-B667-FFBA606924BB}"
EndProject
Project("{FAE04EC0-301F-11D3-BF4B-00C04F79EFBC}") = "CleanArchitecture.WebUI", "CleanArchitecture.WebUI\CleanArchitecture.WebUI.csproj", "{F5196C59-7DD5-44D9-85A1-D91AAACC6F30}"
EndProject
Global
	GlobalSection(SolutionConfigurationPlatforms) = preSolution
		Debug|Any CPU = Debug|Any CPU
		Release|Any CPU = Release|Any CPU
	EndGlobalSection
	GlobalSection(ProjectConfigurationPlatforms) = postSolution
		{588B053F-1F64-4BC4-B910-EE908F8E0184}.Debug|Any CPU.ActiveCfg = Debug|Any CPU
		{588B053F-1F64-4BC4-B910-EE908F8E0184}.Debug|Any CPU.Build.0 = Debug|Any CPU
		{588B053F-1F64-4BC4-B910-EE908F8E0184}.Release|Any CPU.ActiveCfg = Release|Any CPU
		{588B053F-1F64-4BC4-B910-EE908F8E0184}.Release|Any CPU.Build.0 = Release|Any CPU
		{7A47F0D9-7DE9-430B-A1F5-7E32285AAB2A}.Debug|Any CPU.ActiveCfg = Debug|Any CPU
		{7A47F0D9-7DE9-430B-A1F5-7E32285AAB2A}.Debug|Any CPU.Build.0 = Debug|Any CPU
		{7A47F0D9-7DE9-430B-A1F5-7E32285AAB2A}.Release|Any CPU.ActiveCfg = Release|Any CPU
		{7A47F0D9-7DE9-430B-A1F5-7E32285AAB2A}.Release|Any CPU.Build.0 = Release|Any CPU
		{DBEA9409-AF71-48EC-9A81-CAD81A358D31}.Debug|Any CPU.ActiveCfg = Debug|Any CPU
		{DBEA9409-AF71-48EC-9A81-CAD81A358D31}.Debug|Any CPU.Build.0 = Debug|Any CPU
		{DBEA9409-AF71-48EC-9A81-CAD81A358D31}.Release|Any CPU.ActiveCfg = Release|Any CPU
		{DBEA9409-AF71-48EC-9A81-CAD81A358D31}.Release|Any CPU.Build.0 = Release|Any CPU
		{1E88093C-1BFA-4682-B667-FFBA606924BB}.Debug|Any CPU.ActiveCfg = Debug|Any CPU
		{1E88093C-1BFA-4682-B667-FFBA606924BB}.Debug|Any CPU.Build.0 = Debug|Any CPU
		{1E88093C-1BFA-4682-B667-FFBA606924BB}.Release|Any CPU.ActiveCfg = Release|Any CPU
		{1E88093C-1BFA-4682-B667-FFBA606924BB}.Release|Any CPU.Build.0 = Release|Any CPU
		{F5196C59-7DD5-44D9-85A1-D91AAACC6F30}.Debug|Any CPU.ActiveCfg = Debug|Any CPU
		{F5196C59-7DD5-44D9-85A1-D91AAACC6F30}.Debug|Any CPU.Build.0 = Debug|Any CPU
		{F5196C59-7DD5-44D9-85A1-D91AAACC6F30}.Release|Any CPU.ActiveCfg = Release|Any CPU
		{F5196C59-7DD5-44D9-85A1-D91AAACC6F30}.Release|Any CPU.Build.0 = Release|Any CPU
	EndGlobalSection
	GlobalSection(SolutionProperties) = preSolution
		HideSolutionNode = FALSE
	EndGlobalSection
	GlobalSection(ExtensibilityGlobals) = postSolution
		SolutionGuid = {56EEEDBE-824D-48B3-8218-A555676DC9D7}
	EndGlobalSection
EndGlobal
